version: 7
platforms:
- name: linux-64
  virtual-packages:
  - __unix=0=0
  - __linux=4.18
  - __glibc=2.28
  - __archspec=0=x86_64
- name: linux-aarch64
  virtual-packages:
  - __unix=0=0
  - __linux=4.18
  - __glibc=2.28
  - __archspec=0=aarch64
- name: win-64
  virtual-packages:
  - __win=10.0
  - __archspec=0=x86_64
environments:
  default:
    channels:
    - url: https://conda.anaconda.org/conda-forge/
    packages:
      linux-64:
      - conda: https://conda.anaconda.org/conda-forge/linux-64/_openmp_mutex-4.5-20_gnu.conda
      - conda: https://conda.anaconda.org/conda-forge/linux-64/icu-78.3-h33c6efd_0.conda
      - conda: https://conda.anaconda.org/conda-forge/linux-64/libgcc-15.2.0-he0feb66_19.conda
      - conda: https://conda.anaconda.org/conda-forge/linux-64/libgomp-15.2.0-he0feb66_19.conda
      - conda: https://conda.anaconda.org/conda-forge/linux-64/libstdcxx-15.2.0-h934c35e_19.conda
      - conda: https://conda.anaconda.org/conda-forge/linux-64/libuv-1.52.1-h280c20c_0.conda
      - conda: https://conda.anaconda.org/conda-forge/linux-64/libzlib-1.3.2-h25fd6f3_2.conda
      - conda: https://conda.anaconda.org/conda-forge/linux-64/nodejs-22.22.3-h273caaf_0.conda
      - conda: https://conda.anaconda.org/conda-forge/linux-64/openssl-3.6.3-h35e630c_0.conda
      - conda: https://conda.anaconda.org/conda-forge/linux-64/playwright-1.55.1-h0bd9c3d_0.conda
      - conda: https://conda.anaconda.org/conda-forge/noarch/ca-certificates-2026.5.20-hbd8a1cb_0.conda
      linux-aarch64:
      - conda: https://conda.anaconda.org/conda-forge/linux-aarch64/_openmp_mutex-4.5-20_gnu.conda
      - conda: https://conda.anaconda.org/conda-forge/linux-aarch64/icu-78.3-hcab7f73_0.conda
      - conda: https://conda.anaconda.org/conda-forge/linux-aarch64/libgcc-15.2.0-h8acb6b2_19.conda
      - conda: https://conda.anaconda.org/conda-forge/linux-aarch64/libgomp-15.2.0-h8acb6b2_19.conda
      - conda: https://conda.anaconda.org/conda-forge/linux-aarch64/libstdcxx-15.2.0-hef695bb_19.conda
      - conda: https://conda.anaconda.org/conda-forge/linux-aarch64/libuv-1.52.1-h80f16a2_0.conda
      - conda: https://conda.anaconda.org/conda-forge/linux-aarch64/libzlib-1.3.2-hdc9db2a_2.conda
      - conda: https://conda.anaconda.org/conda-forge/linux-aarch64/nodejs-22.23.1-h908ce8d_0.conda
      - conda: https://conda.anaconda.org/conda-forge/linux-aarch64/openssl-3.6.3-h546c87b_0.conda
      - conda: https://conda.anaconda.org/conda-forge/linux-aarch64/playwright-1.55.1-hb4ae578_0.conda
      - conda: https://conda.anaconda.org/conda-forge/noarch/ca-certificates-2026.6.17-hbd8a1cb_0.conda
      win-64:
      - conda: https://conda.anaconda.org/conda-forge/win-64/nodejs-22.22.3-h80d1838_0.conda
      - conda: https://conda.anaconda.org/conda-forge/win-64/playwright-1.55.1-h9acf6c7_0.conda
  runtime:
    channels:
    - url: https://conda.anaconda.org/conda-forge/
    packages:
      linux-64:
      - conda: https://conda.anaconda.org/conda-forge/linux-64/_openmp_mutex-4.5-20_gnu.conda
      - conda: https://conda.anaconda.org/conda-forge/linux-64/icu-78.3-h33c6efd_0.conda
      - conda: https://conda.anaconda.org/conda-forge/linux-64/libgcc-15.2.0-he0feb66_19.conda
      - conda: https://conda.anaconda.org/conda-forge/linux-64/libgomp-15.2.0-he0feb66_19.conda
      - conda: https://conda.anaconda.org/conda-forge/linux-64/libstdcxx-15.2.0-h934c35e_19.conda
      - conda: https://conda.anaconda.org/conda-forge/linux-64/libuv-1.52.1-h280c20c_0.conda
      - conda: https://conda.anaconda.org/conda-forge/linux-64/libzlib-1.3.2-h25fd6f3_2.conda
      - conda: https://conda.anaconda.org/conda-forge/linux-64/nodejs-22.23.1-h273caaf_0.conda
      - conda: https://conda.anaconda.org/conda-forge/linux-64/openssl-3.6.3-h35e630c_0.conda
      - conda: https://conda.anaconda.org/conda-forge/noarch/ca-certificates-2026.6.17-hbd8a1cb_0.conda
      linux-aarch64:
      - conda: https://conda.anaconda.org/conda-forge/linux-aarch64/_openmp_mutex-4.5-20_gnu.conda
      - conda: https://conda.anaconda.org/conda-forge/linux-aarch64/icu-78.3-hcab7f73_0.conda
      - conda: https://conda.anaconda.org/conda-forge/linux-aarch64/libgcc-15.2.0-h8acb6b2_19.conda
      - conda: https://conda.anaconda.org/conda-forge/linux-aarch64/libgomp-15.2.0-h8acb6b2_19.conda
      - conda: https://conda.anaconda.org/conda-forge/linux-aarch64/libstdcxx-15.2.0-hef695bb_19.conda
      - conda: https://conda.anaconda.org/conda-forge/linux-aarch64/libuv-1.52.1-h80f16a2_0.conda
      - conda: https://conda.anaconda.org/conda-forge/linux-aarch64/libzlib-1.3.2-hdc9db2a_2.conda
      - conda: https://conda.anaconda.org/conda-forge/linux-aarch64/nodejs-22.23.1-h908ce8d_0.conda
      - conda: https://conda.anaconda.org/conda-forge/linux-aarch64/openssl-3.6.3-h546c87b_0.conda
      - conda: https://conda.anaconda.org/conda-forge/noarch/ca-certificates-2026.6.17-hbd8a1cb_0.conda
      win-64:
      - conda: https://conda.anaconda.org/conda-forge/win-64/nodejs-22.23.1-h80d1838_0.conda
packages:
- conda: https://conda.anaconda.org/conda-forge/linux-64/_openmp_mutex-4.5-20_gnu.conda
  build_number: 20
  sha256: 1dd3fffd892081df9726d7eb7e0dea6198962ba775bd88842135a4ddb4deb3c9
  md5: a9f577daf3de00bca7c3c76c0ecbd1de
  depends:
  - __glibc >=2.17,<3.0.a0
  - libgomp >=7.5.0
  constrains:
  - openmp_impl <0.0a0
  license: BSD-3-Clause
  license_family: BSD
  run_exports:
    strong:
    - _openmp_mutex >=4.5
  size: 28948
  timestamp: 1770939786096
- conda: https://conda.anaconda.org/conda-forge/linux-64/icu-78.3-h33c6efd_0.conda
  sha256: fbf86c4a59c2ed05bbffb2ba25c7ed94f6185ec30ecb691615d42342baa1a16a
  md5: c80d8a3b84358cb967fa81e7075fbc8a
  depends:
  - __glibc >=2.17,<3.0.a0
  - libgcc >=14
  - libstdcxx >=14
  license: MIT
  license_family: MIT
  run_exports:
    weak:
    - icu >=78.3,<79.0a0
  size: 12723451
  timestamp: 1773822285671
- conda: https://conda.anaconda.org/conda-forge/linux-64/libgcc-15.2.0-he0feb66_19.conda
  sha256: 8e0a3b5e41272e5678499b5dfc4cddb673f9e935de01eb0767ce857001229f46
  md5: 57736f29cc2b0ec0b6c2952d3f101b6a
  depends:
  - __glibc >=2.17,<3.0.a0
  - _openmp_mutex >=4.5
  constrains:
  - libgcc-ng ==15.2.0=*_19
  - libgomp 15.2.0 he0feb66_19
  license: GPL-3.0-only WITH GCC-exception-3.1
  license_family: GPL
  run_exports: {}
  size: 1041084
  timestamp: 1778269013026
- conda: https://conda.anaconda.org/conda-forge/linux-64/libgomp-15.2.0-he0feb66_19.conda
  sha256: 5abe4ab9d93f6c9757d654f1969ae2267d4505315c1f2f8fe705fd60af084f1b
  md5: faac990cb7aedc7f3a2224f2c9b0c26c
  depends:
  - __glibc >=2.17,<3.0.a0
  license: GPL-3.0-only WITH GCC-exception-3.1
  license_family: GPL
  run_exports:
    strong:
    - _openmp_mutex >=4.5
  size: 603817
  timestamp: 1778268942614
- conda: https://conda.anaconda.org/conda-forge/linux-64/libstdcxx-15.2.0-h934c35e_19.conda
  sha256: dff1058c76ec6b8759e41cefa2508162d00e4a5e6721aa68ec3fd10094e702dc
  md5: 5794b3bdc38177caf969dabd3af08549
  depends:
  - __glibc >=2.17,<3.0.a0
  - libgcc 15.2.0 he0feb66_19
  constrains:
  - libstdcxx-ng ==15.2.0=*_19
  license: GPL-3.0-only WITH GCC-exception-3.1
  license_family: GPL
  run_exports: {}
  size: 5852044
  timestamp: 1778269036376
- conda: https://conda.anaconda.org/conda-forge/linux-64/libuv-1.52.1-h280c20c_0.conda
  sha256: e28e4519223f78b3163599ca89c3f2d80bfb53e907e7fc74e806e60d1efa578b
  md5: 4e33d49bf4fc853855a3b00643aa5484
  depends:
  - libgcc >=14
  - __glibc >=2.17,<3.0.a0
  license: MIT
  license_family: MIT
  run_exports:
    weak:
    - libuv >=1.52.1,<2.0a0
  size: 419935
  timestamp: 1779396012261
- conda: https://conda.anaconda.org/conda-forge/linux-64/libzlib-1.3.2-h25fd6f3_2.conda
  sha256: 55044c403570f0dc26e6364de4dc5368e5f3fc7ff103e867c487e2b5ab2bcda9
  md5: d87ff7921124eccd67248aa483c23fec
  depends:
  - __glibc >=2.17,<3.0.a0
  constrains:
  - zlib 1.3.2 *_2
  license: Zlib
  license_family: Other
  run_exports:
    weak:
    - libzlib >=1.3.2,<2.0a0
  size: 63629
  timestamp: 1774072609062
- conda: https://conda.anaconda.org/conda-forge/linux-64/nodejs-22.22.3-h273caaf_0.conda
  sha256: 9516dbc3101c01d319286f4d8c51623b9ff7484614aafa66edcb35eccfef0b85
  md5: 96e0962a99b79d0bb80a1d6bc8ad567b
  depends:
  - libstdcxx >=14
  - libgcc >=14
  - __glibc >=2.28,<3.0.a0
  - icu >=78.3,<79.0a0
  - libuv >=1.52.1,<2.0a0
  - libzlib >=1.3.2,<2.0a0
  - openssl >=3.5.6,<4.0a0
  license: MIT
  license_family: MIT
  size: 24099316
  timestamp: 1779565960082
- conda: https://conda.anaconda.org/conda-forge/linux-64/nodejs-22.23.1-h273caaf_0.conda
  sha256: 54cbaed6d90f7d1c9eb2ce9d24bce6bfff9c0bd7db8c9bb64309c324fda1a035
  md5: ddf0a4caba30df34f30c8128ec10eb60
  depends:
  - libstdcxx >=14
  - libgcc >=14
  - __glibc >=2.28,<3.0.a0
  - openssl >=3.5.7,<4.0a0
  - libuv >=1.52.1,<2.0a0
  - icu >=78.3,<79.0a0
  - libzlib >=1.3.2,<2.0a0
  license: MIT
  license_family: MIT
  run_exports:
    weak:
    - nodejs >=22.23.1,<23.0a0
  size: 24116775
  timestamp: 1782395971579
- conda: https://conda.anaconda.org/conda-forge/linux-64/openssl-3.6.3-h35e630c_0.conda
  sha256: d48f5c22b9897c01e4dff3680f1f57ceb02711ab9c62f74339b080419dfad34b
  md5: 79dd2074b5cd5c5c6b2930514a11e22d
  depends:
  - __glibc >=2.17,<3.0.a0
  - ca-certificates
  - libgcc >=14
  license: Apache-2.0
  license_family: Apache
  run_exports:
    weak:
    - openssl >=3.6.3,<4.0a0
  size: 3159683
  timestamp: 1781069855778
- conda: https://conda.anaconda.org/conda-forge/linux-64/playwright-1.55.1-h0bd9c3d_0.conda
  sha256: 79aadadf7a8a017da6b677b3eaaf48f161e8a9e7cdde62c3c7e2540291a8c40d
  md5: 6e5dbb4be7bf84e583d01bb2508001a7
  depends:
  - nodejs
  - nodejs >=22.19.0,<23.0a0
  license: Apache-2.0
  license_family: APACHE
  run_exports: {}
  size: 2221832
  timestamp: 1758651308375
- conda: https://conda.anaconda.org/conda-forge/linux-aarch64/_openmp_mutex-4.5-20_gnu.conda
  build_number: 20
  sha256: a2527b1d81792a0ccd2c05850960df119c2b6d8f5fdec97f2db7d25dc23b1068
  md5: 468fd3bb9e1f671d36c2cbc677e56f1d
  depends:
  - libgomp >=7.5.0
  constrains:
  - openmp_impl <0.0a0
  license: BSD-3-Clause
  license_family: BSD
  run_exports:
    strong:
    - _openmp_mutex >=4.5
  size: 28926
  timestamp: 1770939656741
- conda: https://conda.anaconda.org/conda-forge/linux-aarch64/icu-78.3-hcab7f73_0.conda
  sha256: 49ba6aed2c6b482bb0ba41078057555d29764299bc947b990708617712ef6406
  md5: 546da38c2fa9efacf203e2ad3f987c59
  depends:
  - libgcc >=14
  - libstdcxx >=14
  license: MIT
  license_family: MIT
  run_exports:
    weak:
    - icu >=78.3,<79.0a0
  size: 12837286
  timestamp: 1773822650615
- conda: https://conda.anaconda.org/conda-forge/linux-aarch64/libgcc-15.2.0-h8acb6b2_19.conda
  sha256: 4592b096e553f67799ae70d4b6167eeda3ec74587d68c7aecbf4e7b1df136681
  md5: f35b3f52d0a2ec4ffe3c89ba135cdb9a
  depends:
  - _openmp_mutex >=4.5
  constrains:
  - libgomp 15.2.0 h8acb6b2_19
  - libgcc-ng ==15.2.0=*_19
  license: GPL-3.0-only WITH GCC-exception-3.1
  license_family: GPL
  run_exports: {}
  size: 622462
  timestamp: 1778268755949
- conda: https://conda.anaconda.org/conda-forge/linux-aarch64/libgomp-15.2.0-h8acb6b2_19.conda
  sha256: 2370ef0ffcbae5bede3c4bf136add4abc257245eb91f724c99bb4a43116c5a83
  md5: c5e8a379c4a2ec2aea4ba22758c001d9
  license: GPL-3.0-only WITH GCC-exception-3.1
  license_family: GPL
  run_exports:
    strong:
    - _openmp_mutex >=4.5
  size: 587387
  timestamp: 1778268674393
- conda: https://conda.anaconda.org/conda-forge/linux-aarch64/libstdcxx-15.2.0-hef695bb_19.conda
  sha256: 1dadc45e599f510dd5f97141dddcdbb9844d9f1430c1f3a38075cf1c58f87b4e
  md5: 543fbc8d71f2a0baf04cf88ce96cb8bb
  depends:
  - libgcc 15.2.0 h8acb6b2_19
  constrains:
  - libstdcxx-ng ==15.2.0=*_19
  license: GPL-3.0-only WITH GCC-exception-3.1
  license_family: GPL
  run_exports: {}
  size: 5546559
  timestamp: 1778268777463
- conda: https://conda.anaconda.org/conda-forge/linux-aarch64/libuv-1.52.1-h80f16a2_0.conda
  sha256: 3e2ead35f47d01364031f323f1be984018c8f19a3a264f952ddcd043685a1c86
  md5: ac7bcbd2c77691cd6d1ede8c029e8c8a
  depends:
  - libgcc >=14
  license: MIT
  license_family: MIT
  run_exports:
    weak:
    - libuv >=1.52.1,<2.0a0
  size: 456627
  timestamp: 1779396031450
- conda: https://conda.anaconda.org/conda-forge/linux-aarch64/libzlib-1.3.2-hdc9db2a_2.conda
  sha256: eb111e32e5a7313a5bf799c7fb2419051fa2fe7eff74769fac8d5a448b309f7f
  md5: 502006882cf5461adced436e410046d1
  constrains:
  - zlib 1.3.2 *_2
  license: Zlib
  license_family: Other
  run_exports:
    weak:
    - libzlib >=1.3.2,<2.0a0
  size: 69833
  timestamp: 1774072605429
- conda: https://conda.anaconda.org/conda-forge/linux-aarch64/nodejs-22.23.1-h908ce8d_0.conda
  sha256: 2bb422dbe47a65561d2e63f9b96e8ca102cb40211bdbb13807feb0cee136c998
  md5: d310ef2b6accb46fd212c23beb51ed4e
  depends:
  - libgcc >=14
  - __glibc >=2.28,<3.0.a0
  - libstdcxx >=14
  - libzlib >=1.3.2,<2.0a0
  - icu >=78.3,<79.0a0
  - libuv >=1.52.1,<2.0a0
  - openssl >=3.5.7,<4.0a0
  license: MIT
  license_family: MIT
  run_exports:
    weak:
    - nodejs >=22.23.1,<23.0a0
  size: 24959454
  timestamp: 1782396050737
- conda: https://conda.anaconda.org/conda-forge/linux-aarch64/openssl-3.6.3-h546c87b_0.conda
  sha256: da4a5df42614166b69c2f6d8602fc1425f7aaa699f77c3bafb5c7fe69b3d9fb7
  md5: fa6260b3e6eababf6ca85a7eb3336383
  depends:
  - ca-certificates
  - libgcc >=14
  license: Apache-2.0
  license_family: Apache
  run_exports:
    weak:
    - openssl >=3.6.3,<4.0a0
  size: 3704664
  timestamp: 1781069675555
- conda: https://conda.anaconda.org/conda-forge/linux-aarch64/playwright-1.55.1-hb4ae578_0.conda
  sha256: 6b9c59e6f86bf3fb1041602a5431ebe674f916fe635473881650cfc2a07f5b58
  md5: a4a09a6cbc9957c2bfa52ec52fadd9e7
  depends:
  - nodejs
  - nodejs >=22.19.0,<23.0a0
  license: Apache-2.0
  license_family: APACHE
  run_exports: {}
  size: 2222907
  timestamp: 1758651360910
- conda: https://conda.anaconda.org/conda-forge/noarch/ca-certificates-2026.5.20-hbd8a1cb_0.conda
  sha256: 9812a303a1395e1dafbd92e5bc8a1ff6013bcbba0a09c7f03a8d23e43560aa9b
  md5: 489b8e97e666c93f68fdb35c3c9b957f
  depends:
  - __unix
  license: ISC
  size: 129868
  timestamp: 1779289852439
- conda: https://conda.anaconda.org/conda-forge/noarch/ca-certificates-2026.6.17-hbd8a1cb_0.conda
  sha256: f8e3c730fa14ee3f170493779f06522c4acf89169f43db4f039727709b6419cf
  md5: a9965dd99f683c5f444428f896635716
  depends:
  - __unix
  license: ISC
  run_exports: {}
  size: 128866
  timestamp: 1781708962055
- conda: https://conda.anaconda.org/conda-forge/win-64/nodejs-22.22.3-h80d1838_0.conda
  sha256: 52ad3c5cec5aa099716deef004b34b10f239b0c094ac90174d2f59f5271f0d71
  md5: 08210d158cf0608d5e021afb6f888e25
  license: MIT
  license_family: MIT
  size: 30033129
  timestamp: 1779566014324
- conda: https://conda.anaconda.org/conda-forge/win-64/nodejs-22.23.1-h80d1838_0.conda
  sha256: 30da49e3d8cc1a3db4c6b0eff615759a409f62d23744742d749f2f229a2622a5
  md5: 11210dd5e2bb21937517539c749261c2
  license: MIT
  license_family: MIT
  run_exports:
    weak:
    - nodejs >=22.23.1,<23.0a0
  size: 30054275
  timestamp: 1782396015445
- conda: https://conda.anaconda.org/conda-forge/win-64/playwright-1.55.1-h9acf6c7_0.conda
  sha256: 3591938f53f40c3b7428f5646a83e9b5cf8668415c128f2a3458ff690c341613
  md5: 87029a6d2858d0650305a1a53cc99098
  depends:
  - nodejs
  - nodejs >=22.19.0,<23.0a0
  license: Apache-2.0
  license_family: APACHE
  run_exports: {}
  size: 2225037
  timestamp: 1758651341743
